// !$*UTF8*$!
{
	archiveVersion = 1;
	classes = {
	};
	objectVersion = 46;
	objects = {

/* Begin PBXBuildFile section */
		4A0D9A911EB64B9100F72B0B /* APIWrapper.swift in Sources */ = {isa = PBXBuildFile; fileRef = 4A0D9A901EB64B9100F72B0B /* APIWrapper.swift */; };
		4A2CF1871F5DCAFC00F1D70C /* resultsController.swift in Sources */ = {isa = PBXBuildFile; fileRef = 4A2CF1861F5DCAFC00F1D70C /* resultsController.swift */; };
		4A2CF1891F5DCC0300F1D70C /* controllerTemplate.swift in Sources */ = {isa = PBXBuildFile; fileRef = 4A2CF1881F5DCC0300F1D70C /* controllerTemplate.swift */; };
		4A2D8C941EF1932000AF08D5 /* communications.swift in Sources */ = {isa = PBXBuildFile; fileRef = 4A2D8C931EF1932000AF08D5 /* communications.swift */; };
		4A3497531EBA852D00A18388 /* Podfile in Resources */ = {isa = PBXBuildFile; fileRef = 4A3497521EBA852D00A18388 /* Podfile */; };
		4A42A3781E96B94E001ED9B1 /* MainViewController.swift in Sources */ = {isa = PBXBuildFile; fileRef = 4A42A3771E96B94E001ED9B1 /* MainViewController.swift */; };
		4A42A37A1E96B973001ED9B1 /* ReportASightingViewController.swift in Sources */ = {isa = PBXBuildFile; fileRef = 4A42A3791E96B973001ED9B1 /* ReportASightingViewController.swift */; };
		4A42A37C1E96B986001ED9B1 /* ActiveAlertsViewController.swift in Sources */ = {isa = PBXBuildFile; fileRef = 4A42A37B1E96B986001ED9B1 /* ActiveAlertsViewController.swift */; };
		4A4CF68D1EF9BD2D003E1483 /* Images.xcassets in Resources */ = {isa = PBXBuildFile; fileRef = 4A4CF68C1EF9BD2D003E1483 /* Images.xcassets */; };
		4A4CF6911EF9C041003E1483 /* LaunchScreen.storyboard in Resources */ = {isa = PBXBuildFile; fileRef = 4A4CF6901EF9C041003E1483 /* LaunchScreen.storyboard */; };
		4A53C4DC1E9F20310019508D /* SubmissionViewController.swift in Sources */ = {isa = PBXBuildFile; fileRef = 4A53C4DB1E9F20310019508D /* SubmissionViewController.swift */; };
		4A55FDE41FBA4D1D00B058D7 /* Tyrese Hill.jpg in Resources */ = {isa = PBXBuildFile; fileRef = 4A55FDD91FBA4D1C00B058D7 /* Tyrese Hill.jpg */; };
		4A55FDE51FBA4D1D00B058D7 /* Zhi Ying Zhen.jpg in Resources */ = {isa = PBXBuildFile; fileRef = 4A55FDDA1FBA4D1C00B058D7 /* Zhi Ying Zhen.jpg */; };
		4A55FDE61FBA4D1D00B058D7 /* Robin Strother.jpg in Resources */ = {isa = PBXBuildFile; fileRef = 4A55FDDB1FBA4D1D00B058D7 /* Robin Strother.jpg */; };
		4A55FDE71FBA4D1D00B058D7 /* Adrionna Dull.jpg in Resources */ = {isa = PBXBuildFile; fileRef = 4A55FDDC1FBA4D1D00B058D7 /* Adrionna Dull.jpg */; };
		4A55FDE81FBA4D1D00B058D7 /* Angella Russel.jpg in Resources */ = {isa = PBXBuildFile; fileRef = 4A55FDDD1FBA4D1D00B058D7 /* Angella Russel.jpg */; };
		4A55FDE91FBA4D1D00B058D7 /* Earl Wilson.jpg in Resources */ = {isa = PBXBuildFile; fileRef = 4A55FDDE1FBA4D1D00B058D7 /* Earl Wilson.jpg */; };
		4A55FDEA1FBA4D1D00B058D7 /* Elias Russell.jpg in Resources */ = {isa = PBXBuildFile; fileRef = 4A55FDDF1FBA4D1D00B058D7 /* Elias Russell.jpg */; };
		4A55FDEB1FBA4D1D00B058D7 /* Machaela Hardie.jpg in Resources */ = {isa = PBXBuildFile; fileRef = 4A55FDE01FBA4D1D00B058D7 /* Machaela Hardie.jpg */; };
		4A55FDEC1FBA4D1D00B058D7 /* Jeffrey Reynolds.jpg in Resources */ = {isa = PBXBuildFile; fileRef = 4A55FDE11FBA4D1D00B058D7 /* Jeffrey Reynolds.jpg */; };
		4A55FDED1FBA4D1D00B058D7 /* Elyana Russell.jpg in Resources */ = {isa = PBXBuildFile; fileRef = 4A55FDE21FBA4D1D00B058D7 /* Elyana Russell.jpg */; };
		4A55FDEE1FBA4D1D00B058D7 /* Mariamu William.jpg in Resources */ = {isa = PBXBuildFile; fileRef = 4A55FDE31FBA4D1D00B058D7 /* Mariamu William.jpg */; };
		4A55FDF01FBA4D3100B058D7 /* myCell.swift in Sources */ = {isa = PBXBuildFile; fileRef = 4A55FDEF1FBA4D3100B058D7 /* myCell.swift */; };
		4A69BDF51E96C5DE009E9867 /* TakeAPicViewController.swift in Sources */ = {isa = PBXBuildFile; fileRef = 4A69BDF41E96C5DE009E9867 /* TakeAPicViewController.swift */; };
		4A7759E71E91EC0500A332FB /* AppDelegate.swift in Sources */ = {isa = PBXBuildFile; fileRef = 4A7759E61E91EC0500A332FB /* AppDelegate.swift */; };
		4A7759EC1E91EC0500A332FB /* Main.storyboard in Resources */ = {isa = PBXBuildFile; fileRef = 4A7759EA1E91EC0500A332FB /* Main.storyboard */; };
		4A7759EF1E91EC0500A332FB /* Amber_Scan.xcdatamodeld in Sources */ = {isa = PBXBuildFile; fileRef = 4A7759ED1E91EC0500A332FB /* Amber_Scan.xcdatamodeld */; };
		4A7759F11E91EC0500A332FB /* Assets.xcassets in Resources */ = {isa = PBXBuildFile; fileRef = 4A7759F01E91EC0500A332FB /* Assets.xcassets */; };
		4A78CD5E1EF34A56002E15A1 /* global.swift in Sources */ = {isa = PBXBuildFile; fileRef = 4A78CD5D1EF34A56002E15A1 /* global.swift */; };
		4ABCF54C1FBA583800825564 /* Imahni Russell.jpg in Resources */ = {isa = PBXBuildFile; fileRef = 4ABCF54B1FBA583700825564 /* Imahni Russell.jpg */; };
		4ABCF54E1FBA685800825564 /* missingChildDetails.swift in Sources */ = {isa = PBXBuildFile; fileRef = 4ABCF54D1FBA685800825564 /* missingChildDetails.swift */; };
		4AC45F071EDC687D002754FD /* restfulTesting.swift in Sources */ = {isa = PBXBuildFile; fileRef = 4AC45F061EDC687D002754FD /* restfulTesting.swift */; };
		D492DAF140B7754447BF6A6B /* Pods_Amber_Scan.framework in Frameworks */ = {isa = PBXBuildFile; fileRef = 49A050BF5665A2AD98B3226A /* Pods_Amber_Scan.framework */; };
/* End PBXBuildFile section */

/* Begin PBXFileReference section */
		49A050BF5665A2AD98B3226A /* Pods_Amber_Scan.framework */ = {isa = PBXFileReference; explicitFileType = wrapper.framework; includeInIndex = 0; path = Pods_Amber_Scan.framework; sourceTree = BUILT_PRODUCTS_DIR; };
		4A0D9A901EB64B9100F72B0B /* APIWrapper.swift */ = {isa = PBXFileReference; fileEncoding = 4; lastKnownFileType = sourcecode.swift; name = APIWrapper.swift; path = Controllers.xcassets/APIWrapper.swift; sourceTree = "<group>"; };
		4A2CF1861F5DCAFC00F1D70C /* resultsController.swift */ = {isa = PBXFileReference; fileEncoding = 4; lastKnownFileType = sourcecode.swift; path = resultsController.swift; sourceTree = "<group>"; };
		4A2CF1881F5DCC0300F1D70C /* controllerTemplate.swift */ = {isa = PBXFileReference; fileEncoding = 4; lastKnownFileType = sourcecode.swift; path = controllerTemplate.swift; sourceTree = "<group>"; };
		4A2D8C931EF1932000AF08D5 /* communications.swift */ = {isa = PBXFileReference; fileEncoding = 4; lastKnownFileType = sourcecode.swift; path = communications.swift; sourceTree = "<group>"; };
		4A3497521EBA852D00A18388 /* Podfile */ = {isa = PBXFileReference; fileEncoding = 4; lastKnownFileType = text; path = Podfile; sourceTree = "<group>"; };
		4A42A3771E96B94E001ED9B1 /* MainViewController.swift */ = {isa = PBXFileReference; fileEncoding = 4; lastKnownFileType = sourcecode.swift; path = MainViewController.swift; sourceTree = "<group>"; };
		4A42A3791E96B973001ED9B1 /* ReportASightingViewController.swift */ = {isa = PBXFileReference; fileEncoding = 4; lastKnownFileType = sourcecode.swift; path = ReportASightingViewController.swift; sourceTree = "<group>"; };
		4A42A37B1E96B986001ED9B1 /* ActiveAlertsViewController.swift */ = {isa = PBXFileReference; fileEncoding = 4; lastKnownFileType = sourcecode.swift; path = ActiveAlertsViewController.swift; sourceTree = "<group>"; };
		4A4CF68C1EF9BD2D003E1483 /* Images.xcassets */ = {isa = PBXFileReference; lastKnownFileType = folder.assetcatalog; path = Images.xcassets; sourceTree = "<group>"; };
		4A4CF6901EF9C041003E1483 /* LaunchScreen.storyboard */ = {isa = PBXFileReference; fileEncoding = 4; lastKnownFileType = file.storyboard; name = LaunchScreen.storyboard; path = ../LaunchScreen.storyboard; sourceTree = "<group>"; };
		4A53C4DB1E9F20310019508D /* SubmissionViewController.swift */ = {isa = PBXFileReference; fileEncoding = 4; lastKnownFileType = sourcecode.swift; path = SubmissionViewController.swift; sourceTree = "<group>"; };
		4A55FDD91FBA4D1C00B058D7 /* Tyrese Hill.jpg */ = {isa = PBXFileReference; lastKnownFileType = image.jpeg; path = "Tyrese Hill.jpg"; sourceTree = "<group>"; };
		4A55FDDA1FBA4D1C00B058D7 /* Zhi Ying Zhen.jpg */ = {isa = PBXFileReference; lastKnownFileType = image.jpeg; path = "Zhi Ying Zhen.jpg"; sourceTree = "<group>"; };
		4A55FDDB1FBA4D1D00B058D7 /* Robin Strother.jpg */ = {isa = PBXFileReference; lastKnownFileType = image.jpeg; path = "Robin Strother.jpg"; sourceTree = "<group>"; };
		4A55FDDC1FBA4D1D00B058D7 /* Adrionna Dull.jpg */ = {isa = PBXFileReference; lastKnownFileType = image.jpeg; path = "Adrionna Dull.jpg"; sourceTree = "<group>"; };
		4A55FDDD1FBA4D1D00B058D7 /* Angella Russel.jpg */ = {isa = PBXFileReference; lastKnownFileType = image.jpeg; path = "Angella Russel.jpg"; sourceTree = "<group>"; };
		4A55FDDE1FBA4D1D00B058D7 /* Earl Wilson.jpg */ = {isa = PBXFileReference; lastKnownFileType = image.jpeg; path = "Earl Wilson.jpg"; sourceTree = "<group>"; };
		4A55FDDF1FBA4D1D00B058D7 /* Elias Russell.jpg */ = {isa = PBXFileReference; lastKnownFileType = image.jpeg; path = "Elias Russell.jpg"; sourceTree = "<group>"; };
		4A55FDE01FBA4D1D00B058D7 /* Machaela Hardie.jpg */ = {isa = PBXFileReference; lastKnownFileType = image.jpeg; path = "Machaela Hardie.jpg"; sourceTree = "<group>"; };
		4A55FDE11FBA4D1D00B058D7 /* Jeffrey Reynolds.jpg */ = {isa = PBXFileReference; lastKnownFileType = image.jpeg; path = "Jeffrey Reynolds.jpg"; sourceTree = "<group>"; };
		4A55FDE21FBA4D1D00B058D7 /* Elyana Russell.jpg */ = {isa = PBXFileReference; lastKnownFileType = image.jpeg; path = "Elyana Russell.jpg"; sourceTree = "<group>"; };
		4A55FDE31FBA4D1D00B058D7 /* Mariamu William.jpg */ = {isa = PBXFileReference; lastKnownFileType = image.jpeg; path = "Mariamu William.jpg"; sourceTree = "<group>"; };
		4A55FDEF1FBA4D3100B058D7 /* myCell.swift */ = {isa = PBXFileReference; fileEncoding = 4; lastKnownFileType = sourcecode.swift; path = myCell.swift; sourceTree = "<group>"; };
		4A69BDF41E96C5DE009E9867 /* TakeAPicViewController.swift */ = {isa = PBXFileReference; fileEncoding = 4; lastKnownFileType = sourcecode.swift; path = TakeAPicViewController.swift; sourceTree = "<group>"; };
		4A7759E31E91EC0500A332FB /* Amber Scan.app */ = {isa = PBXFileReference; explicitFileType = wrapper.application; includeInIndex = 0; path = "Amber Scan.app"; sourceTree = BUILT_PRODUCTS_DIR; };
		4A7759E61E91EC0500A332FB /* AppDelegate.swift */ = {isa = PBXFileReference; lastKnownFileType = sourcecode.swift; path = AppDelegate.swift; sourceTree = "<group>"; };
		4A7759EB1E91EC0500A332FB /* Base */ = {isa = PBXFileReference; lastKnownFileType = file.storyboard; name = Base; path = Base.lproj/Main.storyboard; sourceTree = "<group>"; };
		4A7759EE1E91EC0500A332FB /* Amber_Scan.xcdatamodel */ = {isa = PBXFileReference; lastKnownFileType = wrapper.xcdatamodel; path = Amber_Scan.xcdatamodel; sourceTree = "<group>"; };
		4A7759F01E91EC0500A332FB /* Assets.xcassets */ = {isa = PBXFileReference; lastKnownFileType = folder.assetcatalog; path = Assets.xcassets; sourceTree = "<group>"; };
		4A7759F51E91EC0500A332FB /* Info.plist */ = {isa = PBXFileReference; lastKnownFileType = text.plist.xml; path = Info.plist; sourceTree = "<group>"; };
		4A78CD5D1EF34A56002E15A1 /* global.swift */ = {isa = PBXFileReference; fileEncoding = 4; lastKnownFileType = sourcecode.swift; path = global.swift; sourceTree = "<group>"; };
		4ABCF54B1FBA583700825564 /* Imahni Russell.jpg */ = {isa = PBXFileReference; lastKnownFileType = image.jpeg; path = "Imahni Russell.jpg"; sourceTree = "<group>"; };
		4ABCF54D1FBA685800825564 /* missingChildDetails.swift */ = {isa = PBXFileReference; lastKnownFileType = sourcecode.swift; path = missingChildDetails.swift; sourceTree = "<group>"; };
		4AC45F061EDC687D002754FD /* restfulTesting.swift */ = {isa = PBXFileReference; fileEncoding = 4; lastKnownFileType = sourcecode.swift; path = restfulTesting.swift; sourceTree = "<group>"; };
		60293FF30AFAF66BEF834FA1 /* Pods-Amber Scan.release.xcconfig */ = {isa = PBXFileReference; includeInIndex = 1; lastKnownFileType = text.xcconfig; name = "Pods-Amber Scan.release.xcconfig"; path = "Pods/Target Support Files/Pods-Amber Scan/Pods-Amber Scan.release.xcconfig"; sourceTree = "<group>"; };
		9C79DF488B7F181F9AFF74AC /* Pods-Amber Scan.debug.xcconfig */ = {isa = PBXFileReference; includeInIndex = 1; lastKnownFileType = text.xcconfig; name = "Pods-Amber Scan.debug.xcconfig"; path = "Pods/Target Support Files/Pods-Amber Scan/Pods-Amber Scan.debug.xcconfig"; sourceTree = "<group>"; };
/* End PBXFileReference section */

/* Begin PBXFrameworksBuildPhase section */
		4A7759E01E91EC0500A332FB /* Frameworks */ = {
			isa = PBXFrameworksBuildPhase;
			buildActionMask = 2147483647;
			files = (
				D492DAF140B7754447BF6A6B /* Pods_Amber_Scan.framework in Frameworks */,
			);
			runOnlyForDeploymentPostprocessing = 0;
		};
/* End PBXFrameworksBuildPhase section */

/* Begin PBXGroup section */
		1298B2CA048FA5B81C2A7DB3 /* Frameworks */ = {
			isa = PBXGroup;
			children = (
				49A050BF5665A2AD98B3226A /* Pods_Amber_Scan.framework */,
			);
			name = Frameworks;
			sourceTree = "<group>";
		};
		4A0D9A8F1EB64AB600F72B0B /* Controllers */ = {
			isa = PBXGroup;
			children = (
				4A0D9A901EB64B9100F72B0B /* APIWrapper.swift */,
				4A2CF1881F5DCC0300F1D70C /* controllerTemplate.swift */,
			);
			name = Controllers;
			sourceTree = "<group>";
		};
		4A55FDD81FBA4D0300B058D7 /* Images */ = {
			isa = PBXGroup;
			children = (
				4ABCF54B1FBA583700825564 /* Imahni Russell.jpg */,
				4A55FDDC1FBA4D1D00B058D7 /* Adrionna Dull.jpg */,
				4A55FDDD1FBA4D1D00B058D7 /* Angella Russel.jpg */,
				4A55FDDE1FBA4D1D00B058D7 /* Earl Wilson.jpg */,
				4A55FDDF1FBA4D1D00B058D7 /* Elias Russell.jpg */,
				4A55FDE21FBA4D1D00B058D7 /* Elyana Russell.jpg */,
				4A55FDE11FBA4D1D00B058D7 /* Jeffrey Reynolds.jpg */,
				4A55FDE01FBA4D1D00B058D7 /* Machaela Hardie.jpg */,
				4A55FDE31FBA4D1D00B058D7 /* Mariamu William.jpg */,
				4A55FDDB1FBA4D1D00B058D7 /* Robin Strother.jpg */,
				4A55FDD91FBA4D1C00B058D7 /* Tyrese Hill.jpg */,
				4A55FDDA1FBA4D1C00B058D7 /* Zhi Ying Zhen.jpg */,
			);
			name = Images;
			sourceTree = "<group>";
		};
		4A7759DA1E91EC0500A332FB = {
			isa = PBXGroup;
			children = (
				4A7759E51E91EC0500A332FB /* Amber Scan */,
				4A7759E41E91EC0500A332FB /* Products */,
				9017B5AD486AC56CBD04620A /* Pods */,
				1298B2CA048FA5B81C2A7DB3 /* Frameworks */,
			);
			sourceTree = "<group>";
		};
		4A7759E41E91EC0500A332FB /* Products */ = {
			isa = PBXGroup;
			children = (
				4A7759E31E91EC0500A332FB /* Amber Scan.app */,
			);
			name = Products;
			sourceTree = "<group>";
		};
		4A7759E51E91EC0500A332FB /* Amber Scan */ = {
			isa = PBXGroup;
			children = (
				4A55FDD81FBA4D0300B058D7 /* Images */,
				4A0D9A8F1EB64AB600F72B0B /* Controllers */,
				4A7759E61E91EC0500A332FB /* AppDelegate.swift */,
				4A2CF1861F5DCAFC00F1D70C /* resultsController.swift */,
				4A2D8C931EF1932000AF08D5 /* communications.swift */,
				4A55FDEF1FBA4D3100B058D7 /* myCell.swift */,
				4A42A37B1E96B986001ED9B1 /* ActiveAlertsViewController.swift */,
				4A7759EA1E91EC0500A332FB /* Main.storyboard */,
				4ABCF54D1FBA685800825564 /* missingChildDetails.swift */,
				4A78CD5D1EF34A56002E15A1 /* global.swift */,
				4A4CF6901EF9C041003E1483 /* LaunchScreen.storyboard */,
				4A4CF68C1EF9BD2D003E1483 /* Images.xcassets */,
				4AC45F061EDC687D002754FD /* restfulTesting.swift */,
				4A53C4DB1E9F20310019508D /* SubmissionViewController.swift */,
				4A42A3791E96B973001ED9B1 /* ReportASightingViewController.swift */,
				4A7759F01E91EC0500A332FB /* Assets.xcassets */,
				4A3497521EBA852D00A18388 /* Podfile */,
				4A7759F51E91EC0500A332FB /* Info.plist */,
				4A7759ED1E91EC0500A332FB /* Amber_Scan.xcdatamodeld */,
				4A42A3771E96B94E001ED9B1 /* MainViewController.swift */,
				4A69BDF41E96C5DE009E9867 /* TakeAPicViewController.swift */,
			);
			path = "Amber Scan";
			sourceTree = "<group>";
		};
		9017B5AD486AC56CBD04620A /* Pods */ = {
			isa = PBXGroup;
			children = (
				9C79DF488B7F181F9AFF74AC /* Pods-Amber Scan.debug.xcconfig */,
				60293FF30AFAF66BEF834FA1 /* Pods-Amber Scan.release.xcconfig */,
			);
			name = Pods;
			sourceTree = "<group>";
		};
/* End PBXGroup section */

/* Begin PBXNativeTarget section */
		4A7759E21E91EC0500A332FB /* Amber Scan */ = {
			isa = PBXNativeTarget;
			buildConfigurationList = 4A7759F81E91EC0500A332FB /* Build configuration list for PBXNativeTarget "Amber Scan" */;
			buildPhases = (
				80CCD81B8AA1431483C05010 /* [CP] Check Pods Manifest.lock */,
				4A7759DF1E91EC0500A332FB /* Sources */,
				4A7759E01E91EC0500A332FB /* Frameworks */,
				4A7759E11E91EC0500A332FB /* Resources */,
				B0EA44D4774C76DECE0DE87C /* [CP] Embed Pods Frameworks */,
				BFC0319557342BCE3A7CB3ED /* [CP] Copy Pods Resources */,
			);
			buildRules = (
			);
			dependencies = (
			);
			name = "Amber Scan";
			productName = "Amber Scan";
			productReference = 4A7759E31E91EC0500A332FB /* Amber Scan.app */;
			productType = "com.apple.product-type.application";
		};
/* End PBXNativeTarget section */

/* Begin PBXProject section */
		4A7759DB1E91EC0500A332FB /* Project object */ = {
			isa = PBXProject;
			attributes = {
				LastSwiftUpdateCheck = 0820;
				LastUpgradeCheck = 0820;
				ORGANIZATIONNAME = "Harry Atwal";
				TargetAttributes = {
					4A7759E21E91EC0500A332FB = {
						CreatedOnToolsVersion = 8.2.1;
						DevelopmentTeam = 36856Q9ML8;
						ProvisioningStyle = Automatic;
					};
				};
			};
			buildConfigurationList = 4A7759DE1E91EC0500A332FB /* Build configuration list for PBXProject "Amber Scan" */;
			compatibilityVersion = "Xcode 3.2";
			developmentRegion = English;
			hasScannedForEncodings = 0;
			knownRegions = (
				en,
				Base,
			);
			mainGroup = 4A7759DA1E91EC0500A332FB;
			productRefGroup = 4A7759E41E91EC0500A332FB /* Products */;
			projectDirPath = "";
			projectRoot = "";
			targets = (
				4A7759E21E91EC0500A332FB /* Amber Scan */,
			);
		};
/* End PBXProject section */

/* Begin PBXResourcesBuildPhase section */
		4A7759E11E91EC0500A332FB /* Resources */ = {
			isa = PBXResourcesBuildPhase;
			buildActionMask = 2147483647;
			files = (
				4A7759F11E91EC0500A332FB /* Assets.xcassets in Resources */,
				4A55FDE51FBA4D1D00B058D7 /* Zhi Ying Zhen.jpg in Resources */,
				4A3497531EBA852D00A18388 /* Podfile in Resources */,
				4A4CF68D1EF9BD2D003E1483 /* Images.xcassets in Resources */,
				4A4CF6911EF9C041003E1483 /* LaunchScreen.storyboard in Resources */,
				4A55FDE71FBA4D1D00B058D7 /* Adrionna Dull.jpg in Resources */,
				4ABCF54C1FBA583800825564 /* Imahni Russell.jpg in Resources */,
				4A55FDEC1FBA4D1D00B058D7 /* Jeffrey Reynolds.jpg in Resources */,
				4A55FDE91FBA4D1D00B058D7 /* Earl Wilson.jpg in Resources */,
				4A7759EC1E91EC0500A332FB /* Main.storyboard in Resources */,
				4A55FDEA1FBA4D1D00B058D7 /* Elias Russell.jpg in Resources */,
				4A55FDE81FBA4D1D00B058D7 /* Angella Russel.jpg in Resources */,
				4A55FDED1FBA4D1D00B058D7 /* Elyana Russell.jpg in Resources */,
				4A55FDEB1FBA4D1D00B058D7 /* Machaela Hardie.jpg in Resources */,
				4A55FDEE1FBA4D1D00B058D7 /* Mariamu William.jpg in Resources */,
				4A55FDE61FBA4D1D00B058D7 /* Robin Strother.jpg in Resources */,
				4A55FDE41FBA4D1D00B058D7 /* Tyrese Hill.jpg in Resources */,
			);
			runOnlyForDeploymentPostprocessing = 0;
		};
/* End PBXResourcesBuildPhase section */

/* Begin PBXShellScriptBuildPhase section */
		80CCD81B8AA1431483C05010 /* [CP] Check Pods Manifest.lock */ = {
			isa = PBXShellScriptBuildPhase;
			buildActionMask = 2147483647;
			files = (
			);
			inputPaths = (
			);
			name = "[CP] Check Pods Manifest.lock";
			outputPaths = (
			);
			runOnlyForDeploymentPostprocessing = 0;
			shellPath = /bin/sh;
			shellScript = "diff \"${PODS_PODFILE_DIR_PATH}/Podfile.lock\" \"${PODS_ROOT}/Manifest.lock\" > /dev/null\nif [ $? != 0 ] ; then\n    # print error to STDERR\n    echo \"error: The sandbox is not in sync with the Podfile.lock. Run 'pod install' or update your CocoaPods installation.\" >&2\n    exit 1\nfi\n";
			showEnvVarsInLog = 0;
		};
		B0EA44D4774C76DECE0DE87C /* [CP] Embed Pods Frameworks */ = {
			isa = PBXShellScriptBuildPhase;
			buildActionMask = 2147483647;
			files = (
			);
			inputPaths = (
			);
			name = "[CP] Embed Pods Frameworks";
			outputPaths = (
			);
			runOnlyForDeploymentPostprocessing = 0;
			shellPath = /bin/sh;
			shellScript = "\"${SRCROOT}/Pods/Target Support Files/Pods-Amber Scan/Pods-Amber Scan-frameworks.sh\"\n";
			showEnvVarsInLog = 0;
		};
		BFC0319557342BCE3A7CB3ED /* [CP] Copy Pods Resources */ = {
			isa = PBXShellScriptBuildPhase;
			buildActionMask = 2147483647;
			files = (
			);
			inputPaths = (
			);
			name = "[CP] Copy Pods Resources";
			outputPaths = (
			);
			runOnlyForDeploymentPostprocessing = 0;
			shellPath = /bin/sh;
			shellScript = "\"${SRCROOT}/Pods/Target Support Files/Pods-Amber Scan/Pods-Amber Scan-resources.sh\"\n";
			showEnvVarsInLog = 0;
		};
/* End PBXShellScriptBuildPhase section */

/* Begin PBXSourcesBuildPhase section */
		4A7759DF1E91EC0500A332FB /* Sources */ = {
			isa = PBXSourcesBuildPhase;
			buildActionMask = 2147483647;
			files = (
				4A2CF1871F5DCAFC00F1D70C /* resultsController.swift in Sources */,
				4A42A37A1E96B973001ED9B1 /* ReportASightingViewController.swift in Sources */,
				4A7759EF1E91EC0500A332FB /* Amber_Scan.xcdatamodeld in Sources */,
				4A2D8C941EF1932000AF08D5 /* communications.swift in Sources */,
				4A7759E71E91EC0500A332FB /* AppDelegate.swift in Sources */,
				4A55FDF01FBA4D3100B058D7 /* myCell.swift in Sources */,
				4AC45F071EDC687D002754FD /* restfulTesting.swift in Sources */,
				4A78CD5E1EF34A56002E15A1 /* global.swift in Sources */,
				4ABCF54E1FBA685800825564 /* missingChildDetails.swift in Sources */,
				4A53C4DC1E9F20310019508D /* SubmissionViewController.swift in Sources */,
				4A42A37C1E96B986001ED9B1 /* ActiveAlertsViewController.swift in Sources */,
				4A2CF1891F5DCC0300F1D70C /* controllerTemplate.swift in Sources */,
				4A69BDF51E96C5DE009E9867 /* TakeAPicViewController.swift in Sources */,
				4A0D9A911EB64B9100F72B0B /* APIWrapper.swift in Sources */,
				4A42A3781E96B94E001ED9B1 /* MainViewController.swift in Sources */,
			);
			runOnlyForDeploymentPostprocessing = 0;
		};
/* End PBXSourcesBuildPhase section */

/* Begin PBXVariantGroup section */
		4A7759EA1E91EC0500A332FB /* Main.storyboard */ = {
			isa = PBXVariantGroup;
			children = (
				4A7759EB1E91EC0500A332FB /* Base */,
			);
			name = Main.storyboard;
			sourceTree = "<group>";
		};
/* End PBXVariantGroup section */

/* Begin XCBuildConfiguration section */
		4A7759F61E91EC0500A332FB /* Debug */ = {
			isa = XCBuildConfiguration;
			buildSettings = {
				ALWAYS_SEARCH_USER_PATHS = NO;
				CLANG_ANALYZER_NONNULL = YES;
				CLANG_CXX_LANGUAGE_STANDARD = "gnu++0x";
				CLANG_CXX_LIBRARY = "libc++";
				CLANG_ENABLE_MODULES = YES;
				CLANG_ENABLE_OBJC_ARC = YES;
				CLANG_WARN_BOOL_CONVERSION = YES;
				CLANG_WARN_CONSTANT_CONVERSION = YES;
				CLANG_WARN_DIRECT_OBJC_ISA_USAGE = YES_ERROR;
				CLANG_WARN_DOCUMENTATION_COMMENTS = YES;
				CLANG_WARN_EMPTY_BODY = YES;
				CLANG_WARN_ENUM_CONVERSION = YES;
				CLANG_WARN_INFINITE_RECURSION = YES;
				CLANG_WARN_INT_CONVERSION = YES;
				CLANG_WARN_OBJC_ROOT_CLASS = YES_ERROR;
				CLANG_WARN_SUSPICIOUS_MOVE = YES;
				CLANG_WARN_UNREACHABLE_CODE = YES;
				CLANG_WARN__DUPLICATE_METHOD_MATCH = YES;
				"CODE_SIGN_IDENTITY[sdk=iphoneos*]" = "iPhone Developer";
				COPY_PHASE_STRIP = NO;
				DEBUG_INFORMATION_FORMAT = dwarf;
				ENABLE_STRICT_OBJC_MSGSEND = YES;
				ENABLE_TESTABILITY = YES;
				GCC_C_LANGUAGE_STANDARD = gnu99;
				GCC_DYNAMIC_NO_PIC = NO;
				GCC_NO_COMMON_BLOCKS = YES;
				GCC_OPTIMIZATION_LEVEL = 0;
				GCC_PREPROCESSOR_DEFINITIONS = (
					"DEBUG=1",
					"$(inherited)",
				);
				GCC_WARN_64_TO_32_BIT_CONVERSION = YES;
				GCC_WARN_ABOUT_RETURN_TYPE = YES_ERROR;
				GCC_WARN_UNDECLARED_SELECTOR = YES;
				GCC_WARN_UNINITIALIZED_AUTOS = YES_AGGRESSIVE;
				GCC_WARN_UNUSED_FUNCTION = YES;
				GCC_WARN_UNUSED_VARIABLE = YES;
				IPHONEOS_DEPLOYMENT_TARGET = 10.2;
				MTL_ENABLE_DEBUG_INFO = YES;
				ONLY_ACTIVE_ARCH = YES;
				SDKROOT = iphoneos;
				SWIFT_ACTIVE_COMPILATION_CONDITIONS = DEBUG;
				SWIFT_OPTIMIZATION_LEVEL = "-Onone";
				TARGETED_DEVICE_FAMILY = "1,2";
			};
			name = Debug;
		};
		4A7759F71E91EC0500A332FB /* Release */ = {
			isa = XCBuildConfiguration;
			buildSettings = {
				ALWAYS_SEARCH_USER_PATHS = NO;
				CLANG_ANALYZER_NONNULL = YES;
				CLANG_CXX_LANGUAGE_STANDARD = "gnu++0x";
				CLANG_CXX_LIBRARY = "libc++";
				CLANG_ENABLE_MODULES = YES;
				CLANG_ENABLE_OBJC_ARC = YES;
				CLANG_WARN_BOOL_CONVERSION = YES;
				CLANG_WARN_CONSTANT_CONVERSION = YES;
				CLANG_WARN_DIRECT_OBJC_ISA_USAGE = YES_ERROR;
				CLANG_WARN_DOCUMENTATION_COMMENTS = YES;
				CLANG_WARN_EMPTY_BODY = YES;
				CLANG_WARN_ENUM_CONVERSION = YES;
				CLANG_WARN_INFINITE_RECURSION = YES;
				CLANG_WARN_INT_CONVERSION = YES;
				CLANG_WARN_OBJC_ROOT_CLASS = YES_ERROR;
				CLANG_WARN_SUSPICIOUS_MOVE = YES;
				CLANG_WARN_UNREACHABLE_CODE = YES;
				CLANG_WARN__DUPLICATE_METHOD_MATCH = YES;
				"CODE_SIGN_IDENTITY[sdk=iphoneos*]" = "iPhone Developer";
				COPY_PHASE_STRIP = NO;
				DEBUG_INFORMATION_FORMAT = "dwarf-with-dsym";
				ENABLE_NS_ASSERTIONS = NO;
				ENABLE_STRICT_OBJC_MSGSEND = YES;
				GCC_C_LANGUAGE_STANDARD = gnu99;
				GCC_NO_COMMON_BLOCKS = YES;
				GCC_WARN_64_TO_32_BIT_CONVERSION = YES;
				GCC_WARN_ABOUT_RETURN_TYPE = YES_ERROR;
				GCC_WARN_UNDECLARED_SELECTOR = YES;
				GCC_WARN_UNINITIALIZED_AUTOS = YES_AGGRESSIVE;
				GCC_WARN_UNUSED_FUNCTION = YES;
				GCC_WARN_UNUSED_VARIABLE = YES;
				IPHONEOS_DEPLOYMENT_TARGET = 10.2;
				MTL_ENABLE_DEBUG_INFO = NO;
				SDKROOT = iphoneos;
				SWIFT_OPTIMIZATION_LEVEL = "-Owholemodule";
				TARGETED_DEVICE_FAMILY = "1,2";
				VALIDATE_PRODUCT = YES;
			};
			name = Release;
		};
		4A7759F91E91EC0500A332FB /* Debug */ = {
			isa = XCBuildConfiguration;
			baseConfigurationReference = 9C79DF488B7F181F9AFF74AC /* Pods-Amber Scan.debug.xcconfig */;
			buildSettings = {
				ASSETCATALOG_COMPILER_APPICON_NAME = AppIcon;
				CODE_SIGN_IDENTITY = "iPhone Developer";
				"CODE_SIGN_IDENTITY[sdk=*]" = "iPhone Developer";
				DEVELOPMENT_TEAM = 36856Q9ML8;
				INFOPLIST_FILE = "Amber Scan/Info.plist";
				LD_RUNPATH_SEARCH_PATHS = "$(inherited) @executable_path/Frameworks";
				ONLY_ACTIVE_ARCH = YES;
				PRODUCT_BUNDLE_IDENTIFIER = "com.atwalharry.Amber-Scan";
				PRODUCT_NAME = "$(TARGET_NAME)";
				SWIFT_VERSION = 3.0;
				TARGETED_DEVICE_FAMILY = 1;
			};
			name = Debug;
		};
		4A7759FA1E91EC0500A332FB /* Release */ = {
			isa = XCBuildConfiguration;
			baseConfigurationReference = 60293FF30AFAF66BEF834FA1 /* Pods-Amber Scan.release.xcconfig */;
			buildSettings = {
				ASSETCATALOG_COMPILER_APPICON_NAME = AppIcon;
				CODE_SIGN_IDENTITY = "iPhone Developer";
				DEVELOPMENT_TEAM = 36856Q9ML8;
				INFOPLIST_FILE = "Amber Scan/Info.plist";
				LD_RUNPATH_SEARCH_PATHS = "$(inherited) @executable_path/Frameworks";
				ONLY_ACTIVE_ARCH = YES;
				PRODUCT_BUNDLE_IDENTIFIER = "com.atwalharry.Amber-Scan";
				PRODUCT_NAME = "$(TARGET_NAME)";
				SWIFT_VERSION = 3.0;
				TARGETED_DEVICE_FAMILY = 1;
			};
			name = Release;
		};
/* End XCBuildConfiguration section */

/* Begin XCConfigurationList section */
		4A7759DE1E91EC0500A332FB /* Build configuration list for PBXProject "Amber Scan" */ = {
			isa = XCConfigurationList;
			buildConfigurations = (
				4A7759F61E91EC0500A332FB /* Debug */,
				4A7759F71E91EC0500A332FB /* Release */,
			);
			defaultConfigurationIsVisible = 0;
			defaultConfigurationName = Release;
		};
		4A7759F81E91EC0500A332FB /* Build configuration list for PBXNativeTarget "Amber Scan" */ = {
			isa = XCConfigurationList;
			buildConfigurations = (
				4A7759F91E91EC0500A332FB /* Debug */,
				4A7759FA1E91EC0500A332FB /* Release */,
			);
			defaultConfigurationIsVisible = 0;
			defaultConfigurationName = Release;
		};
/* End XCConfigurationList section */

/* Begin XCVersionGroup section */
		4A7759ED1E91EC0500A332FB /* Amber_Scan.xcdatamodeld */ = {
			isa = XCVersionGroup;
			children = (
				4A7759EE1E91EC0500A332FB /* Amber_Scan.xcdatamodel */,
			);
			currentVersion = 4A7759EE1E91EC0500A332FB /* Amber_Scan.xcdatamodel */;
			path = Amber_Scan.xcdatamodeld;
			sourceTree = "<group>";
			versionGroupType = wrapper.xcdatamodel;
		};
/* End XCVersionGroup section */
	};
	rootObject = 4A7759DB1E91EC0500A332FB /* Project object */;
}
